
Microsoft Visual Studio Solution File, Format Version 12.00
# Visual Studio Version 16
VisualStudioVersion = 16.0.32106.194
MinimumVisualStudioVersion = 10.0.40219.1
Project("{FAE04EC0-301F-11D3-BF4B-00C04F79EFBC}") = "E-commerceFirst", "E-commerceFirst\E-commerceFirst.csproj", "{BD055783-783B-4101-9FDA-02BEAE86AF66}"
EndProject
Project("{FAE04EC0-301F-11D3-BF4B-00C04F79EFBC}") = "EntityLayer", "EntityLayer\EntityLayer.csproj", "{4D1609ED-A66C-45D9-B422-41D5F274DC53}"
EndProject
Project("{FAE04EC0-301F-11D3-BF4B-00C04F79EFBC}") = "DataAccessLayer", "DataAccessLayer\DataAccessLayer.csproj", "{BBEFC1B1-290D-4F6F-92C1-FC5E2F42BE89}"
EndProject
Project("{FAE04EC0-301F-11D3-BF4B-00C04F79EFBC}") = "BusinessLayer", "BusinessLayer\BusinessLayer.csproj", "{4AE94852-3E13-41A9-9162-792F9018AE21}"
EndProject
Project("{FAE04EC0-301F-11D3-BF4B-00C04F79EFBC}") = "CoreLayer", "CoreLayer\CoreLayer.csproj", "{DC92971C-42A9-4B1D-BEB6-46A9D450287D}"
EndProject
Global
	GlobalSection(SolutionConfigurationPlatforms) = preSolution
		Debug|Any CPU = Debug|Any CPU
		Release|Any CPU = Release|Any CPU
	EndGlobalSection
	GlobalSection(ProjectConfigurationPlatforms) = postSolution
		{BD055783-783B-4101-9FDA-02BEAE86AF66}.Debug|Any CPU.ActiveCfg = Debug|Any CPU
		{BD055783-783B-4101-9FDA-02BEAE86AF66}.Debug|Any CPU.Build.0 = Debug|Any CPU
		{BD055783-783B-4101-9FDA-02BEAE86AF66}.Release|Any CPU.ActiveCfg = Release|Any CPU
		{BD055783-783B-4101-9FDA-02BEAE86AF66}.Release|Any CPU.Build.0 = Release|Any CPU
		{4D1609ED-A66C-45D9-B422-41D5F274DC53}.Debug|Any CPU.ActiveCfg = Debug|Any CPU
		{4D1609ED-A66C-45D9-B422-41D5F274DC53}.Debug|Any CPU.Build.0 = Debug|Any CPU
		{4D1609ED-A66C-45D9-B422-41D5F274DC53}.Release|Any CPU.ActiveCfg = Release|Any CPU
		{4D1609ED-A66C-45D9-B422-41D5F274DC53}.Release|Any CPU.Build.0 = Release|Any CPU
		{BBEFC1B1-290D-4F6F-92C1-FC5E2F42BE89}.Debug|Any CPU.ActiveCfg = Debug|Any CPU
		{BBEFC1B1-290D-4F6F-92C1-FC5E2F42BE89}.Debug|Any CPU.Build.0 = Debug|Any CPU
		{BBEFC1B1-290D-4F6F-92C1-FC5E2F42BE89}.Release|Any CPU.ActiveCfg = Release|Any CPU
		{BBEFC1B1-290D-4F6F-92C1-FC5E2F42BE89}.Release|Any CPU.Build.0 = Release|Any CPU
		{4AE94852-3E13-41A9-9162-792F9018AE21}.Debug|Any CPU.ActiveCfg = Debug|Any CPU
		{4AE94852-3E13-41A9-9162-792F9018AE21}.Debug|Any CPU.Build.0 = Debug|Any CPU
		{4AE94852-3E13-41A9-9162-792F9018AE21}.Release|Any CPU.ActiveCfg = Release|Any CPU
		{4AE94852-3E13-41A9-9162-792F9018AE21}.Release|Any CPU.Build.0 = Release|Any CPU
		{DC92971C-42A9-4B1D-BEB6-46A9D450287D}.Debug|Any CPU.ActiveCfg = Debug|Any CPU
		{DC92971C-42A9-4B1D-BEB6-46A9D450287D}.Debug|Any CPU.Build.0 = Debug|Any CPU
		{DC92971C-42A9-4B1D-BEB6-46A9D450287D}.Release|Any CPU.ActiveCfg = Release|Any CPU
		{DC92971C-42A9-4B1D-BEB6-46A9D450287D}.Release|Any CPU.Build.0 = Release|Any CPU
	EndGlobalSection
	GlobalSection(SolutionProperties) = preSolution
		HideSolutionNode = FALSE
	EndGlobalSection
	GlobalSection(ExtensibilityGlobals) = postSolution
		SolutionGuid = {B3225530-728E-48DC-9A61-5953B95E726A}
	EndGlobalSection
EndGlobal
